
Microsoft Visual Studio Solution File, Format Version 12.00
# Visual Studio Version 17
VisualStudioVersion = 17.8.34511.84
MinimumVisualStudioVersion = 10.0.40219.1
Project("{9A19103F-16F7-4668-BE54-9A1E7A4F7556}") = "AgriculturePresentation", "AgriculturePresentation\AgriculturePresentation.csproj", "{DA2AF5C5-6FB6-4A50-A064-69A9A7A9A219}"
EndProject
Project("{9A19103F-16F7-4668-BE54-9A1E7A4F7556}") = "EntityLayer", "EntityLayer\EntityLayer.csproj", "{390CC579-12E7-4A68-B46B-26F39A74997D}"
EndProject
Project("{9A19103F-16F7-4668-BE54-9A1E7A4F7556}") = "DataAccessLayer", "DataAccessLayer\DataAccessLayer.csproj", "{B09C7DA8-144E-4AD7-B467-8144ED113F78}"
EndProject
Project("{9A19103F-16F7-4668-BE54-9A1E7A4F7556}") = "BusinessLayer", "BusinessLayer\BusinessLayer.csproj", "{B898FC66-C155-4653-8037-BFE13CF34A1B}"
EndProject
Global
	GlobalSection(SolutionConfigurationPlatforms) = preSolution
		Debug|Any CPU = Debug|Any CPU
		Release|Any CPU = Release|Any CPU
	EndGlobalSection
	GlobalSection(ProjectConfigurationPlatforms) = postSolution
		{DA2AF5C5-6FB6-4A50-A064-69A9A7A9A219}.Debug|Any CPU.ActiveCfg = Debug|Any CPU
		{DA2AF5C5-6FB6-4A50-A064-69A9A7A9A219}.Debug|Any CPU.Build.0 = Debug|Any CPU
		{DA2AF5C5-6FB6-4A50-A064-69A9A7A9A219}.Release|Any CPU.ActiveCfg = Release|Any CPU
		{DA2AF5C5-6FB6-4A50-A064-69A9A7A9A219}.Release|Any CPU.Build.0 = Release|Any CPU
		{390CC579-12E7-4A68-B46B-26F39A74997D}.Debug|Any CPU.ActiveCfg = Debug|Any CPU
		{390CC579-12E7-4A68-B46B-26F39A74997D}.Debug|Any CPU.Build.0 = Debug|Any CPU
		{390CC579-12E7-4A68-B46B-26F39A74997D}.Release|Any CPU.ActiveCfg = Release|Any CPU
		{390CC579-12E7-4A68-B46B-26F39A74997D}.Release|Any CPU.Build.0 = Release|Any CPU
		{B09C7DA8-144E-4AD7-B467-8144ED113F78}.Debug|Any CPU.ActiveCfg = Debug|Any CPU
		{B09C7DA8-144E-4AD7-B467-8144ED113F78}.Debug|Any CPU.Build.0 = Debug|Any CPU
		{B09C7DA8-144E-4AD7-B467-8144ED113F78}.Release|Any CPU.ActiveCfg = Release|Any CPU
		{B09C7DA8-144E-4AD7-B467-8144ED113F78}.Release|Any CPU.Build.0 = Release|Any CPU
		{B898FC66-C155-4653-8037-BFE13CF34A1B}.Debug|Any CPU.ActiveCfg = Debug|Any CPU
		{B898FC66-C155-4653-8037-BFE13CF34A1B}.Debug|Any CPU.Build.0 = Debug|Any CPU
		{B898FC66-C155-4653-8037-BFE13CF34A1B}.Release|Any CPU.ActiveCfg = Release|Any CPU
		{B898FC66-C155-4653-8037-BFE13CF34A1B}.Release|Any CPU.Build.0 = Release|Any CPU
	EndGlobalSection
	GlobalSection(SolutionProperties) = preSolution
		HideSolutionNode = FALSE
	EndGlobalSection
	GlobalSection(ExtensibilityGlobals) = postSolution
		SolutionGuid = {492320BF-1256-4F3E-897B-D8F64ED221EB}
	EndGlobalSection
EndGlobal
